# THIS IS AN AUTOGENERATED FILE. DO NOT EDIT THIS FILE DIRECTLY.
# yarn lockfile v1


"abs@^1.2.1":
  "integrity" "sha512-PrS26IzwKLWwuURpiKl8wRmJ2KdR/azaVrLEBWG/TALwT20Y7qjtYp1qcMLHA4206hBHY5phv3w4pjf9NPv4Vw=="
  "resolved" "https://registry.npmjs.org/abs/-/abs-1.3.14.tgz"
  "version" "1.3.14"
  dependencies:
    "ul" "^5.0.0"

"accepts@~1.3.4":
  "integrity" "sha512-PYAthTa2m2VKxuvSD3DPC/Gy+U+sOA1LAuT8mkmRuvw+NACSaeXEQ+NHcVF7rONl6qcaxV3Uuemwawk+7+SJLw=="
  "resolved" "https://registry.npmjs.org/accepts/-/accepts-1.3.8.tgz"
  "version" "1.3.8"
  dependencies:
    "mime-types" "~2.1.34"
    "negotiator" "0.6.3"

"after@0.8.2":
  "integrity" "sha1-/ts5T58OAqqXaOcCvaI7UF+ufh8="
  "resolved" "https://registry.npmjs.org/after/-/after-0.8.2.tgz"
  "version" "0.8.2"

"arraybuffer.slice@~0.0.7":
  "integrity" "sha512-wGUIVQXuehL5TCqQun8OW81jGzAWycqzFF8lFp+GOM5BXLYj3bKNsYC4daB7n6XjCqxQA/qgTJ+8ANR3acjrog=="
  "resolved" "https://registry.npmjs.org/arraybuffer.slice/-/arraybuffer.slice-0.0.7.tgz"
  "version" "0.0.7"

"backo2@1.0.2":
  "integrity" "sha1-MasayLEpNjRj41s+u2n038+6eUc="
  "resolved" "https://registry.npmjs.org/backo2/-/backo2-1.0.2.tgz"
  "version" "1.0.2"

"base64-arraybuffer@0.1.4":
  "integrity" "sha1-mBjHngWbE1X5fgQooBfIOOkLqBI="
  "resolved" "https://registry.npmjs.org/base64-arraybuffer/-/base64-arraybuffer-0.1.4.tgz"
  "version" "0.1.4"

"base64id@2.0.0":
  "integrity" "sha512-lGe34o6EHj9y3Kts9R4ZYs/Gr+6N7MCaMlIFA3F1R2O5/m7K06AxfSeO5530PEERE6/WyEg3lsuyw4GHlPZHog=="
  "resolved" "https://registry.npmjs.org/base64id/-/base64id-2.0.0.tgz"
  "version" "2.0.0"

"blob@0.0.5":
  "integrity" "sha512-gaqbzQPqOoamawKg0LGVd7SzLgXS+JH61oWprSLH+P+abTczqJbhTR8CmJ2u9/bUYNmHTGJx/UEmn6doAvvuig=="
  "resolved" "https://registry.npmjs.org/blob/-/blob-0.0.5.tgz"
  "version" "0.0.5"

"capture-stack-trace@^1.0.0":
  "integrity" "sha512-mYQLZnx5Qt1JgB1WEiMCf2647plpGeQ2NMR/5L0HNZzGQo4fuSPnK+wjfPnKZV0aiJDgzmWqqkV/g7JD+DW0qw=="
  "resolved" "https://registry.npmjs.org/capture-stack-trace/-/capture-stack-trace-1.0.1.tgz"
  "version" "1.0.1"

"component-bind@1.0.0":
  "integrity" "sha1-AMYIq33Nk4l8AAllGx06jh5zu9E="
  "resolved" "https://registry.npmjs.org/component-bind/-/component-bind-1.0.0.tgz"
  "version" "1.0.0"

"component-emitter@~1.3.0":
  "integrity" "sha512-Rd3se6QB+sO1TwqZjscQrurpEPIfO0/yYnSin6Q/rD3mOutHvUrCAhJub3r90uNb+SESBuE0QYoB90YdfatsRg=="
  "resolved" "https://registry.npmjs.org/component-emitter/-/component-emitter-1.3.0.tgz"
  "version" "1.3.0"

"component-emitter@1.2.1":
  "integrity" "sha1-E3kY1teCg/ffemt8WmPhQOaUJeY="
  "resolved" "https://registry.npmjs.org/component-emitter/-/component-emitter-1.2.1.tgz"
  "version" "1.2.1"

"component-inherit@0.0.3":
  "integrity" "sha1-ZF/ErfWLcrZJ1crmUTVhnbJv8UM="
  "resolved" "https://registry.npmjs.org/component-inherit/-/component-inherit-0.0.3.tgz"
  "version" "0.0.3"

"cookie@~0.4.1":
  "integrity" "sha512-aSWTXFzaKWkvHO1Ny/s+ePFpvKsPnjc551iI41v3ny/ow6tBG5Vd+FuqGNhh1LxOmVzOlGUriIlOaokOvhaStA=="
  "resolved" "https://registry.npmjs.org/cookie/-/cookie-0.4.2.tgz"
  "version" "0.4.2"

"core-util-is@~1.0.0":
  "integrity" "sha512-ZQBvi1DcpJ4GDqanjucZ2Hj3wEO5pZDS89BWbkcrvdxksJorwUDDZamX9ldFkp9aw2lmBDLgkObEA4DWNJ9FYQ=="
  "resolved" "https://registry.npmjs.org/core-util-is/-/core-util-is-1.0.3.tgz"
  "version" "1.0.3"

"create-error-class@^3.0.1":
  "integrity" "sha1-Br56vvlHo/FKMP1hBnHUAbyot7Y="
  "resolved" "https://registry.npmjs.org/create-error-class/-/create-error-class-3.0.2.tgz"
  "version" "3.0.2"
  dependencies:
    "capture-stack-trace" "^1.0.0"

"debug@~3.1.0":
  "integrity" "sha512-OX8XqP7/1a9cqkxYw2yXss15f26NKWBpDXQd0/uK/KPqdQhxbPa994hnzjcE2VqQpDslf55723cKPUOGSmMY3g=="
  "resolved" "https://registry.npmjs.org/debug/-/debug-3.1.0.tgz"
  "version" "3.1.0"
  dependencies:
    "ms" "2.0.0"

"debug@~4.1.0":
  "integrity" "sha512-pYAIzeRo8J6KPEaJ0VWOh5Pzkbw/RetuzehGM7QRRX5he4fPHx2rdKMB256ehJCkX+XRQm16eZLqLNS8RSZXZw=="
  "resolved" "https://registry.npmjs.org/debug/-/debug-4.1.1.tgz"
  "version" "4.1.1"
  dependencies:
    "ms" "^2.1.1"

"deep-extend@^0.6.0":
  "integrity" "sha512-LOHxIOaPYdHlJRtCQfDIVZtfw/ufM8+rVj649RIHzcm/vGwQRXFt6OPqIFWsm2XEMrNIEtWR64sY1LEKD2vAOA=="
  "resolved" "https://registry.npmjs.org/deep-extend/-/deep-extend-0.6.0.tgz"
  "version" "0.6.0"

"deffy@^2.2.1", "deffy@^2.2.2":
  "integrity" "sha512-pLc9lsbsWjr6RxmJ2OLyvm+9l4j1yK69h+TML/gUit/t3vTijpkNGh8LioaJYTGO7F25m6HZndADcUOo2PsiUg=="
  "resolved" "https://registry.npmjs.org/deffy/-/deffy-2.2.4.tgz"
  "version" "2.2.4"
  dependencies:
    "typpy" "^2.0.0"

"duplexer2@^0.1.4":
  "integrity" "sha1-ixLauHjA1p4+eJEFFmKjL8a93ME="
  "resolved" "https://registry.npmjs.org/duplexer2/-/duplexer2-0.1.4.tgz"
  "version" "0.1.4"
  dependencies:
    "readable-stream" "^2.0.2"

"engine.io-client@~3.5.0":
  "integrity" "sha512-QEqIp+gJ/kMHeUun7f5Vv3bteRHppHH/FMBQX/esFj/fuYfjyUKWGMo3VCvIP/V8bE9KcjHmRZrhIz2Z9oNsDA=="
  "resolved" "https://registry.npmjs.org/engine.io-client/-/engine.io-client-3.5.2.tgz"
  "version" "3.5.2"
  dependencies:
    "component-emitter" "~1.3.0"
    "component-inherit" "0.0.3"
    "debug" "~3.1.0"
    "engine.io-parser" "~2.2.0"
    "has-cors" "1.1.0"
    "indexof" "0.0.1"
    "parseqs" "0.0.6"
    "parseuri" "0.0.6"
    "ws" "~7.4.2"
    "xmlhttprequest-ssl" "~1.6.2"
    "yeast" "0.1.2"

"engine.io-parser@~2.2.0":
  "integrity" "sha512-x+dN/fBH8Ro8TFwJ+rkB2AmuVw9Yu2mockR/p3W8f8YtExwFgDvBDi0GWyb4ZLkpahtDGZgtr3zLovanJghPqg=="
  "resolved" "https://registry.npmjs.org/engine.io-parser/-/engine.io-parser-2.2.1.tgz"
  "version" "2.2.1"
  dependencies:
    "after" "0.8.2"
    "arraybuffer.slice" "~0.0.7"
    "base64-arraybuffer" "0.1.4"
    "blob" "0.0.5"
    "has-binary2" "~1.0.2"

"engine.io@~3.5.0":
  "integrity" "sha512-21HlvPUKaitDGE4GXNtQ7PLP0Sz4aWLddMPw2VTyFz1FVZqu/kZsJUO8WNpKuE/OCL7nkfRaOui2ZCJloGznGA=="
  "resolved" "https://registry.npmjs.org/engine.io/-/engine.io-3.5.0.tgz"
  "version" "3.5.0"
  dependencies:
    "accepts" "~1.3.4"
    "base64id" "2.0.0"
    "cookie" "~0.4.1"
    "debug" "~4.1.0"
    "engine.io-parser" "~2.2.0"
    "ws" "~7.4.2"

"err@^1.1.1":
  "integrity" "sha1-65KOLhGjFmSPeCgz0PlyWLpDwvg="
  "resolved" "https://registry.npmjs.org/err/-/err-1.1.1.tgz"
  "version" "1.1.1"
  dependencies:
    "typpy" "^2.2.0"

"error-ex@^1.2.0":
  "integrity" "sha512-7dFHNmqeFSEt2ZBsCriorKnn3Z2pj+fd9kmI6QoWw4//DL+icEBfc0U7qJCisqrTsKTjw4fNFy2pW9OqStD84g=="
  "resolved" "https://registry.npmjs.org/error-ex/-/error-ex-1.3.2.tgz"
  "version" "1.3.2"
  dependencies:
    "is-arrayish" "^0.2.1"

"exec-limiter@^3.0.0":
  "integrity" "sha512-86Ri699bwiHZVBzTzNj8gspqAhCPchg70zPVWIh3qzUOA1pUMcb272Em3LPk8AE0mS95B9yMJhtqF8vFJAn0dA=="
  "resolved" "https://registry.npmjs.org/exec-limiter/-/exec-limiter-3.2.13.tgz"
  "version" "3.2.13"
  dependencies:
    "limit-it" "^3.0.0"
    "typpy" "^2.1.0"

"function-bind@^1.1.1":
  "integrity" "sha512-yIovAzMX49sF8Yl58fSCWJ5svSLuaibPxXQJFLmBObTuCr0Mf1KiPopGM9NiFjiYBCbfaa2Fh6breQ6ANVTI0A=="
  "resolved" "https://registry.npmjs.org/function-bind/-/function-bind-1.1.1.tgz"
  "version" "1.1.1"

"function.name@^1.0.3":
  "integrity" "sha512-mVrqdoy5npWZyoXl4DxCeuVF6delDcQjVS9aPdvLYlBxtMTZDR2B5GVEQEoM1jJyspCqg3C0v4ABkLE7tp9xFA=="
  "resolved" "https://registry.npmjs.org/function.name/-/function.name-1.0.13.tgz"
  "version" "1.0.13"
  dependencies:
    "noop6" "^1.0.1"

"git-package-json@^1.4.0":
  "integrity" "sha512-DRAcvbzd2SxGK7w8OgYfvKqhFliT5keX0lmSmVdgScgf1kkl5tbbo7Pam6uYoCa1liOiipKxQZG8quCtGWl/fA=="
  "resolved" "https://registry.npmjs.org/git-package-json/-/git-package-json-1.4.10.tgz"
  "version" "1.4.10"
  dependencies:
    "deffy" "^2.2.1"
    "err" "^1.1.1"
    "gry" "^5.0.0"
    "normalize-package-data" "^2.3.5"
    "oargv" "^3.4.1"
    "one-by-one" "^3.1.0"
    "r-json" "^1.2.1"
    "r-package-json" "^1.0.0"
    "tmp" "0.0.28"

"git-source@^1.1.0":
  "integrity" "sha512-XZZ7ZgnLL35oLgM/xjnLYgtlKlxJG0FohC1kWDvGkU7s1VKGXK0pFF/g1itQEwQ3D+uTQzBnzPi8XbqOv7Wc1Q=="
  "resolved" "https://registry.npmjs.org/git-source/-/git-source-1.1.10.tgz"
  "version" "1.1.10"
  dependencies:
    "git-url-parse" "^5.0.1"

"git-up@^1.0.0":
  "integrity" "sha1-JkSAoAax2EJhrB/gmjpRacV+oZ0="
  "resolved" "https://registry.npmjs.org/git-up/-/git-up-1.2.1.tgz"
  "version" "1.2.1"
  dependencies:
    "is-ssh" "^1.0.0"
    "parse-url" "^1.0.0"

"git-url-parse@^5.0.1":
  "integrity" "sha1-/j15xnRq4FBIz6UIyB553du6OEM="
  "resolved" "https://registry.npmjs.org/git-url-parse/-/git-url-parse-5.0.1.tgz"
  "version" "5.0.1"
  dependencies:
    "git-up" "^1.0.0"

"got@^5.0.0":
  "integrity" "sha1-ux1+4WO3gIK7yOuDbz85UATqb78="
  "resolved" "https://registry.npmjs.org/got/-/got-5.6.0.tgz"
  "version" "5.6.0"
  dependencies:
    "create-error-class" "^3.0.1"
    "duplexer2" "^0.1.4"
    "is-plain-obj" "^1.0.0"
    "is-redirect" "^1.0.0"
    "is-retry-allowed" "^1.0.0"
    "is-stream" "^1.0.0"
    "lowercase-keys" "^1.0.0"
    "node-status-codes" "^1.0.0"
    "object-assign" "^4.0.1"
    "parse-json" "^2.1.0"
    "pinkie-promise" "^2.0.0"
    "read-all-stream" "^3.0.0"
    "readable-stream" "^2.0.5"
    "timed-out" "^2.0.0"
    "unzip-response" "^1.0.0"
    "url-parse-lax" "^1.0.0"

"gry@^5.0.0":
  "integrity" "sha512-meq9ZjYVpLzZh3ojhTg7IMad9grGsx6rUUKHLqPnhLXzJkRQvEL2U3tQpS5/WentYTtHtxkT3Ew/mb10D6F6/g=="
  "resolved" "https://registry.npmjs.org/gry/-/gry-5.0.8.tgz"
  "version" "5.0.8"
  dependencies:
    "abs" "^1.2.1"
    "exec-limiter" "^3.0.0"
    "one-by-one" "^3.0.0"
    "ul" "^5.0.0"

"has-binary2@~1.0.2":
  "integrity" "sha512-G1LWKhDSvhGeAQ8mPVQlqNcOB2sJdwATtZKl2pDKKHfpf/rYj24lkinxf69blJbnsvtqqNU+L3SL50vzZhXOnw=="
  "resolved" "https://registry.npmjs.org/has-binary2/-/has-binary2-1.0.3.tgz"
  "version" "1.0.3"
  dependencies:
    "isarray" "2.0.1"

"has-cors@1.1.0":
  "integrity" "sha1-XkdHk/fqmEPRu5nCPu9J/xJv/zk="
  "resolved" "https://registry.npmjs.org/has-cors/-/has-cors-1.1.0.tgz"
  "version" "1.1.0"

"has@^1.0.3":
  "integrity" "sha512-f2dvO0VU6Oej7RkWJGrehjbzMAjFp5/VKPp5tTpWIV4JHHZK1/BxbFRtf/siA2SWTe09caDmVtYYzWEIbBS4zw=="
  "resolved" "https://registry.npmjs.org/has/-/has-1.0.3.tgz"
  "version" "1.0.3"
  dependencies:
    "function-bind" "^1.1.1"

"hosted-git-info@^2.1.4":
  "integrity" "sha512-mxIDAb9Lsm6DoOJ7xH+5+X4y1LU/4Hi50L9C5sIswK3JzULS4bwk1FvjdBgvYR4bzT4tuUQiC15FE2f5HbLvYw=="
  "resolved" "https://registry.npmjs.org/hosted-git-info/-/hosted-git-info-2.8.9.tgz"
  "version" "2.8.9"

"indexof@0.0.1":
  "integrity" "sha1-gtwzbSMrkGIXnQWrMpOmYFn9Q10="
  "resolved" "https://registry.npmjs.org/indexof/-/indexof-0.0.1.tgz"
  "version" "0.0.1"

"inherits@~2.0.3":
  "integrity" "sha512-k/vGaX4/Yla3WzyMCvTQOXYeIHvqOKtnqBduzTHpzpQZzAskKMhZ2K+EnBiSM9zGSoIFeMpXKxa4dYeZIQqewQ=="
  "resolved" "https://registry.npmjs.org/inherits/-/inherits-2.0.4.tgz"
  "version" "2.0.4"

"ini@~1.3.0":
  "integrity" "sha512-JV/yugV2uzW5iMRSiZAyDtQd+nxtUnjeLt0acNdw98kKLrvuRVyB80tsREOE7yvGVgalhZ6RNXCmEHkUKBKxew=="
  "resolved" "https://registry.npmjs.org/ini/-/ini-1.3.8.tgz"
  "version" "1.3.8"

"is-arrayish@^0.2.1":
  "integrity" "sha1-d8mYQFJ6qOyxqLppe4BkWnqSap0="
  "resolved" "https://registry.npmjs.org/is-arrayish/-/is-arrayish-0.2.1.tgz"
  "version" "0.2.1"

"is-core-module@^2.8.1":
  "integrity" "sha512-SdNCUs284hr40hFTFP6l0IfZ/RSrMXF3qgoRHd3/79unUTvrFO/JoXwkGm+5J/Oe3E/b5GsnG330uUNgRpu1PA=="
  "resolved" "https://registry.npmjs.org/is-core-module/-/is-core-module-2.8.1.tgz"
  "version" "2.8.1"
  dependencies:
    "has" "^1.0.3"

"is-plain-obj@^1.0.0":
  "integrity" "sha1-caUMhCnfync8kqOQpKA7OfzVHT4="
  "resolved" "https://registry.npmjs.org/is-plain-obj/-/is-plain-obj-1.1.0.tgz"
  "version" "1.1.0"

"is-redirect@^1.0.0":
  "integrity" "sha1-HQPd7VO9jbDzDCbk+V02/HyH3CQ="
  "resolved" "https://registry.npmjs.org/is-redirect/-/is-redirect-1.0.0.tgz"
  "version" "1.0.0"

"is-retry-allowed@^1.0.0":
  "integrity" "sha512-RUbUeKwvm3XG2VYamhJL1xFktgjvPzL0Hq8C+6yrWIswDy3BIXGqCxhxkc30N9jqK311gVU137K8Ei55/zVJRg=="
  "resolved" "https://registry.npmjs.org/is-retry-allowed/-/is-retry-allowed-1.2.0.tgz"
  "version" "1.2.0"

"is-ssh@^1.0.0", "is-ssh@^1.3.0":
  "integrity" "sha512-NKzJmQzJfEEma3w5cJNcUMxoXfDjz0Zj0eyCalHn2E6VOwlzjZo0yuO2fcBSf8zhFuVCL/82/r5gRcoi6aEPVQ=="
  "resolved" "https://registry.npmjs.org/is-ssh/-/is-ssh-1.3.3.tgz"
  "version" "1.3.3"
  dependencies:
    "protocols" "^1.1.0"

"is-stream@^1.0.0":
  "integrity" "sha1-EtSj3U5o4Lec6428hBc66A2RykQ="
  "resolved" "https://registry.npmjs.org/is-stream/-/is-stream-1.1.0.tgz"
  "version" "1.1.0"

"isarray@~1.0.0":
  "integrity" "sha1-u5NdSFgsuhaMBoNJV6VKPgcSTxE="
  "resolved" "https://registry.npmjs.org/isarray/-/isarray-1.0.0.tgz"
  "version" "1.0.0"

"isarray@2.0.1":
  "integrity" "sha1-o32U7ZzaLVmGXJ92/llu4fM4dB4="
  "resolved" "https://registry.npmjs.org/isarray/-/isarray-2.0.1.tgz"
  "version" "2.0.1"

"iterate-object@^1.1.0":
  "integrity" "sha512-4dG1D1x/7g8PwHS9aK6QV5V94+ZvyP4+d19qDv43EzImmrndysIl4prmJ1hWWIGCqrZHyaHBm6BSEWHOLnpoNw=="
  "resolved" "https://registry.npmjs.org/iterate-object/-/iterate-object-1.3.4.tgz"
  "version" "1.3.4"

"limit-it@^3.0.0":
  "integrity" "sha512-T0NK99pHnkimldr1WUqvbGV1oWDku/xC9J/OqzJFsV1jeOS6Bwl8W7vkeQIBqwiON9dTALws+rX/XPMQqWerDQ=="
  "resolved" "https://registry.npmjs.org/limit-it/-/limit-it-3.2.10.tgz"
  "version" "3.2.10"
  dependencies:
    "typpy" "^2.0.0"

"lowercase-keys@^1.0.0":
  "integrity" "sha512-G2Lj61tXDnVFFOi8VZds+SoQjtQC3dgokKdDG2mTm1tx4m50NUHBOZSBwQQHyy0V12A0JTG4icfZQH+xPyh8VA=="
  "resolved" "https://registry.npmjs.org/lowercase-keys/-/lowercase-keys-1.0.1.tgz"
  "version" "1.0.1"

"mime-db@1.52.0":
  "integrity" "sha512-sPU4uV7dYlvtWJxwwxHD0PuihVNiE7TyAbQ5SWxDCB9mUYvOgroQOwYQQOKPJ8CIbE+1ETVlOoK1UC2nU3gYvg=="
  "resolved" "https://registry.npmjs.org/mime-db/-/mime-db-1.52.0.tgz"
  "version" "1.52.0"

"mime-types@~2.1.34":
  "integrity" "sha512-ZDY+bPm5zTTF+YpCrAU9nK0UgICYPT0QtT1NZWFv4s++TNkcgVaT0g6+4R2uI4MjQjzysHB1zxuWL50hzaeXiw=="
  "resolved" "https://registry.npmjs.org/mime-types/-/mime-types-2.1.35.tgz"
  "version" "2.1.35"
  dependencies:
    "mime-db" "1.52.0"

"minimist@^1.2.0":
  "integrity" "sha512-FM9nNUYrRBAELZQT3xeZQ7fmMOBg6nWNmJKTcgsJeaLstP/UODVpGsr5OhXhhXg6f+qtJ8uiZ+PUxkDWcgIXLw=="
  "resolved" "https://registry.npmjs.org/minimist/-/minimist-1.2.5.tgz"
  "version" "1.2.5"

"ms@^2.1.1":
  "integrity" "sha512-sGkPx+VjMtmA6MX27oA4FBFELFCZZ4S4XqeGOXCv68tT+jb3vk/RyaKWP0PTKyWtmLSM0b+adUTEvbs1PEaH2w=="
  "resolved" "https://registry.npmjs.org/ms/-/ms-2.1.2.tgz"
  "version" "2.1.2"

"ms@2.0.0":
  "integrity" "sha1-VgiurfwAvmwpAd9fmGF4jeDVl8g="
  "resolved" "https://registry.npmjs.org/ms/-/ms-2.0.0.tgz"
  "version" "2.0.0"

"negotiator@0.6.3":
  "integrity" "sha512-+EUsqGPLsM+j/zdChZjsnX51g4XrHFOIXwfnCVPGlQk/k5giakcKsuxCObBRu6DSm9opw/O6slWbJdghQM4bBg=="
  "resolved" "https://registry.npmjs.org/negotiator/-/negotiator-0.6.3.tgz"
  "version" "0.6.3"

"node-status-codes@^1.0.0":
  "integrity" "sha1-WuVUHQJGRdMqWPzdyc7s6nrjrC8="
  "resolved" "https://registry.npmjs.org/node-status-codes/-/node-status-codes-1.0.0.tgz"
  "version" "1.0.0"

"noop6@^1.0.1":
  "integrity" "sha512-DB3Hwyd89dPr5HqEPg3YHjzvwh/mCqizC1zZ8vyofqc+TQRyPDnT4wgXXbLGF4z9YAzwwTLi8pNLhGqcbSjgkA=="
  "resolved" "https://registry.npmjs.org/noop6/-/noop6-1.0.9.tgz"
  "version" "1.0.9"

"normalize-package-data@^2.3.5":
  "integrity" "sha512-/5CMN3T0R4XTj4DcGaexo+roZSdSFW/0AOOTROrjxzCG1wrWXEsGbRKevjlIL+ZDE4sZlJr5ED4YW0yqmkK+eA=="
  "resolved" "https://registry.npmjs.org/normalize-package-data/-/normalize-package-data-2.5.0.tgz"
  "version" "2.5.0"
  dependencies:
    "hosted-git-info" "^2.1.4"
    "resolve" "^1.10.0"
    "semver" "2 || 3 || 4 || 5"
    "validate-npm-package-license" "^3.0.1"

"oargv@^3.4.1":
  "integrity" "sha512-SXaMANv9sr7S/dP0vj0+Ybipa47UE1ntTWQ2rpPRhC6Bsvfl+Jg03Xif7jfL0sWKOYWK8oPjcZ5eJ82t8AP/8g=="
  "resolved" "https://registry.npmjs.org/oargv/-/oargv-3.4.10.tgz"
  "version" "3.4.10"
  dependencies:
    "iterate-object" "^1.1.0"
    "ul" "^5.0.0"

"obj-def@^1.0.0":
  "integrity" "sha512-bQ4ya3VYD6FAA1+s6mEhaURRHSmw4+sKaXE6UyXZ1XDYc5D+c7look25dFdydmLd18epUegh398gdDkMUZI9xg=="
  "resolved" "https://registry.npmjs.org/obj-def/-/obj-def-1.0.9.tgz"
  "version" "1.0.9"
  dependencies:
    "deffy" "^2.2.2"

"object-assign@^4.0.1":
  "integrity" "sha1-IQmtx5ZYh8/AXLvUQsrIv7s2CGM="
  "resolved" "https://registry.npmjs.org/object-assign/-/object-assign-4.1.1.tgz"
  "version" "4.1.1"

"one-by-one@^3.0.0", "one-by-one@^3.1.0":
  "integrity" "sha512-HR/pSzZdm46Xqj58K+Bu64kMbSTw8/u77AwWvV+rprO/OsuR++pPlkUJn+SmwqBGRgHKwSKQ974V3uls7crIeQ=="
  "resolved" "https://registry.npmjs.org/one-by-one/-/one-by-one-3.2.8.tgz"
  "version" "3.2.8"
  dependencies:
    "obj-def" "^1.0.0"
    "sliced" "^1.0.1"

"os-tmpdir@~1.0.1":
  "integrity" "sha1-u+Z0BseaqFxc/sdm/lc0VV36EnQ="
  "resolved" "https://registry.npmjs.org/os-tmpdir/-/os-tmpdir-1.0.2.tgz"
  "version" "1.0.2"

"package-json-path@^1.0.0":
  "integrity" "sha512-uNu7f6Ef7tQHZRnkyVnCtzdSYVN9uBtge/sG7wzcUaawFWkPYUq67iXxRGrQSg/q0tzxIB8jSyIYUKjG2Jn//A=="
  "resolved" "https://registry.npmjs.org/package-json-path/-/package-json-path-1.0.9.tgz"
  "version" "1.0.9"
  dependencies:
    "abs" "^1.2.1"

"package-json@^2.3.1":
  "integrity" "sha1-DRW9Z9HLvduyyiIv8u24a8sxqLs="
  "resolved" "https://registry.npmjs.org/package-json/-/package-json-2.4.0.tgz"
  "version" "2.4.0"
  dependencies:
    "got" "^5.0.0"
    "registry-auth-token" "^3.0.1"
    "registry-url" "^3.0.3"
    "semver" "^5.1.0"

"package.json@^2.0.1":
  "integrity" "sha1-+IYFnSpJ7QduZIg2ldc7K0bSHW0="
  "resolved" "https://registry.npmjs.org/package.json/-/package.json-2.0.1.tgz"
  "version" "2.0.1"
  dependencies:
    "git-package-json" "^1.4.0"
    "git-source" "^1.1.0"
    "package-json" "^2.3.1"

"parse-json@^2.1.0":
  "integrity" "sha1-9ID0BDTvgHQfhGkJn43qGPVaTck="
  "resolved" "https://registry.npmjs.org/parse-json/-/parse-json-2.2.0.tgz"
  "version" "2.2.0"
  dependencies:
    "error-ex" "^1.2.0"

"parse-url@^1.0.0":
  "integrity" "sha1-V8FUKKuKiSsfQ4aWRccR0OFEtVQ="
  "resolved" "https://registry.npmjs.org/parse-url/-/parse-url-1.3.11.tgz"
  "version" "1.3.11"
  dependencies:
    "is-ssh" "^1.3.0"
    "protocols" "^1.4.0"

"parseqs@0.0.6":
  "integrity" "sha512-jeAGzMDbfSHHA091hr0r31eYfTig+29g3GKKE/PPbEQ65X0lmMwlEoqmhzu0iztID5uJpZsFlUPDP8ThPL7M8w=="
  "resolved" "https://registry.npmjs.org/parseqs/-/parseqs-0.0.6.tgz"
  "version" "0.0.6"

"parseuri@0.0.6":
  "integrity" "sha512-AUjen8sAkGgao7UyCX6Ahv0gIK2fABKmYjvP4xmy5JaKvcbTRueIqIPHLAfq30xJddqSE033IOMUSOMCcK3Sow=="
  "resolved" "https://registry.npmjs.org/parseuri/-/parseuri-0.0.6.tgz"
  "version" "0.0.6"

"path-parse@^1.0.7":
  "integrity" "sha512-LDJzPVEEEPR+y48z93A0Ed0yXb8pAByGWo/k5YYdYgpY2/2EsOsksJrq7lOHxryrVOn1ejG6oAp8ahvOIQD8sw=="
  "resolved" "https://registry.npmjs.org/path-parse/-/path-parse-1.0.7.tgz"
  "version" "1.0.7"

"pinkie-promise@^2.0.0":
  "integrity" "sha1-ITXW36ejWMBprJsXh3YogihFD/o="
  "resolved" "https://registry.npmjs.org/pinkie-promise/-/pinkie-promise-2.0.1.tgz"
  "version" "2.0.1"
  dependencies:
    "pinkie" "^2.0.0"

"pinkie@^2.0.0":
  "integrity" "sha1-clVrgM+g1IqXToDnckjoDtT3+HA="
  "resolved" "https://registry.npmjs.org/pinkie/-/pinkie-2.0.4.tgz"
  "version" "2.0.4"

"prepend-http@^1.0.1":
  "integrity" "sha1-1PRWKwzjaW5BrFLQ4ALlemNdxtw="
  "resolved" "https://registry.npmjs.org/prepend-http/-/prepend-http-1.0.4.tgz"
  "version" "1.0.4"

"process-nextick-args@~2.0.0":
  "integrity" "sha512-3ouUOpQhtgrbOa17J7+uxOTpITYWaGP7/AhoR3+A+/1e9skrzelGi/dXzEYyvbxubEF6Wn2ypscTKiKJFFn1ag=="
  "resolved" "https://registry.npmjs.org/process-nextick-args/-/process-nextick-args-2.0.1.tgz"
  "version" "2.0.1"

"protocols@^1.1.0", "protocols@^1.4.0":
  "integrity" "sha512-IgjKyaUSjsROSO8/D49Ab7hP8mJgTYcqApOqdPhLoPxAplXmkp+zRvsrSQjFn5by0rhm4VH0GAUELIPpx7B1yg=="
  "resolved" "https://registry.npmjs.org/protocols/-/protocols-1.4.8.tgz"
  "version" "1.4.8"

"r-json@^1.2.1":
  "integrity" "sha512-hu9vyLjSlHXT62NAS7DjI9WazDlvjN0lgp3n431dCVnirVcLkZIpzSwA3orhZEKzdDD2jqNYI+w0yG0aFf4kpA=="
  "resolved" "https://registry.npmjs.org/r-json/-/r-json-1.2.10.tgz"
  "version" "1.2.10"

"r-package-json@^1.0.0":
  "integrity" "sha512-G4Vpf1KImWmmPFGdtWQTU0L9zk0SjqEC4qs/jE7AQ+Ylmr5kizMzGeC4wnHp5+ijPqNN+2ZPpvyjVNdN1CDVcg=="
  "resolved" "https://registry.npmjs.org/r-package-json/-/r-package-json-1.0.9.tgz"
  "version" "1.0.9"
  dependencies:
    "package-json-path" "^1.0.0"
    "r-json" "^1.2.1"

"rc@^1.0.1", "rc@^1.1.6":
  "integrity" "sha512-y3bGgqKj3QBdxLbLkomlohkvsA8gdAiUQlSBJnBhfn+BPxg4bc62d8TcBW15wavDfgexCgccckhcZvywyQYPOw=="
  "resolved" "https://registry.npmjs.org/rc/-/rc-1.2.8.tgz"
  "version" "1.2.8"
  dependencies:
    "deep-extend" "^0.6.0"
    "ini" "~1.3.0"
    "minimist" "^1.2.0"
    "strip-json-comments" "~2.0.1"

"read-all-stream@^3.0.0":
  "integrity" "sha1-NcPhd/IHjveJ7kv6+kNzB06u9Po="
  "resolved" "https://registry.npmjs.org/read-all-stream/-/read-all-stream-3.1.0.tgz"
  "version" "3.1.0"
  dependencies:
    "pinkie-promise" "^2.0.0"
    "readable-stream" "^2.0.0"

"readable-stream@^2.0.0", "readable-stream@^2.0.2", "readable-stream@^2.0.5":
  "integrity" "sha512-Ebho8K4jIbHAxnuxi7o42OrZgF/ZTNcsZj6nRKyUmkhLFq8CHItp/fy6hQZuZmP/n3yZ9VBUbp4zz/mX8hmYPw=="
  "resolved" "https://registry.npmjs.org/readable-stream/-/readable-stream-2.3.7.tgz"
  "version" "2.3.7"
  dependencies:
    "core-util-is" "~1.0.0"
    "inherits" "~2.0.3"
    "isarray" "~1.0.0"
    "process-nextick-args" "~2.0.0"
    "safe-buffer" "~5.1.1"
    "string_decoder" "~1.1.1"
    "util-deprecate" "~1.0.1"

"registry-auth-token@^3.0.1":
  "integrity" "sha512-4LM6Fw8eBQdwMYcES4yTnn2TqIasbXuwDx3um+QRs7S55aMKCBKBxvPXl2RiUjHwuJLTyYfxSpmfSAjQpcuP+A=="
  "resolved" "https://registry.npmjs.org/registry-auth-token/-/registry-auth-token-3.4.0.tgz"
  "version" "3.4.0"
  dependencies:
    "rc" "^1.1.6"
    "safe-buffer" "^5.0.1"

"registry-url@^3.0.3":
  "integrity" "sha1-PU74cPc93h138M+aOBQyRE4XSUI="
  "resolved" "https://registry.npmjs.org/registry-url/-/registry-url-3.1.0.tgz"
  "version" "3.1.0"
  dependencies:
    "rc" "^1.0.1"

"resolve@^1.10.0":
  "integrity" "sha512-Hhtrw0nLeSrFQ7phPp4OOcVjLPIeMnRlr5mcnVuMe7M/7eBn98A3hmFRLoFo3DLZkivSYwhRUJTyPyWAk56WLw=="
  "resolved" "https://registry.npmjs.org/resolve/-/resolve-1.22.0.tgz"
  "version" "1.22.0"
  dependencies:
    "is-core-module" "^2.8.1"
    "path-parse" "^1.0.7"
    "supports-preserve-symlinks-flag" "^1.0.0"

"safe-buffer@^5.0.1", "safe-buffer@~5.1.0", "safe-buffer@~5.1.1":
  "integrity" "sha512-Gd2UZBJDkXlY7GbJxfsE8/nvKkUEU1G38c1siN6QP6a9PT9MmHB8GnpscSmMJSoF8LOIrt8ud/wPtojys4G6+g=="
  "resolved" "https://registry.npmjs.org/safe-buffer/-/safe-buffer-5.1.2.tgz"
  "version" "5.1.2"

"semver@^5.1.0", "semver@2 || 3 || 4 || 5":
  "integrity" "sha512-sauaDf/PZdVgrLTNYHRtpXa1iRiKcaebiKQ1BJdpQlWH2lCvexQdX55snPFyK7QzpudqbCI0qXFfOasHdyNDGQ=="
  "resolved" "https://registry.npmjs.org/semver/-/semver-5.7.1.tgz"
  "version" "5.7.1"

"sliced@^1.0.1":
  "integrity" "sha1-CzpmK10Ewxd7GSa+qCsD+Dei70E="
  "resolved" "https://registry.npmjs.org/sliced/-/sliced-1.0.1.tgz"
  "version" "1.0.1"

"socket.io-adapter@~1.1.0":
  "integrity" "sha512-WzZRUj1kUjrTIrUKpZLEzFZ1OLj5FwLlAFQs9kuZJzJi5DKdU7FsWc36SNmA8iDOtwBQyT8FkrriRM8vXLYz8g=="
  "resolved" "https://registry.npmjs.org/socket.io-adapter/-/socket.io-adapter-1.1.2.tgz"
  "version" "1.1.2"

"socket.io-client@2.4.0":
  "integrity" "sha512-M6xhnKQHuuZd4Ba9vltCLT9oa+YvTsP8j9NcEiLElfIg8KeYPyhWOes6x4t+LTAC8enQbE/995AdTem2uNyKKQ=="
  "resolved" "https://registry.npmjs.org/socket.io-client/-/socket.io-client-2.4.0.tgz"
  "version" "2.4.0"
  dependencies:
    "backo2" "1.0.2"
    "component-bind" "1.0.0"
    "component-emitter" "~1.3.0"
    "debug" "~3.1.0"
    "engine.io-client" "~3.5.0"
    "has-binary2" "~1.0.2"
    "indexof" "0.0.1"
    "parseqs" "0.0.6"
    "parseuri" "0.0.6"
    "socket.io-parser" "~3.3.0"
    "to-array" "0.1.4"

"socket.io-parser@~3.3.0":
  "integrity" "sha512-FJvDBuOALxdCI9qwRrO/Rfp9yfndRtc1jSgVgV8FDraihmSP/MLGD5PEuJrNfjALvcQ+vMDM/33AWOYP/JSjDg=="
  "resolved" "https://registry.npmjs.org/socket.io-parser/-/socket.io-parser-3.3.2.tgz"
  "version" "3.3.2"
  dependencies:
    "component-emitter" "~1.3.0"
    "debug" "~3.1.0"
    "isarray" "2.0.1"

"socket.io-parser@~3.4.0":
  "integrity" "sha512-11hMgzL+WCLWf1uFtHSNvliI++tcRUWdoeYuwIl+Axvwy9z2gQM+7nJyN3STj1tLj5JyIUH8/gpDGxzAlDdi0A=="
  "resolved" "https://registry.npmjs.org/socket.io-parser/-/socket.io-parser-3.4.1.tgz"
  "version" "3.4.1"
  dependencies:
    "component-emitter" "1.2.1"
    "debug" "~4.1.0"
    "isarray" "2.0.1"

"socket.io@^2.4.1":
  "integrity" "sha512-Si18v0mMXGAqLqCVpTxBa8MGqriHGQh8ccEOhmsmNS3thNCGBwO8WGrwMibANsWtQQ5NStdZwHqZR3naJVFc3w=="
  "resolved" "https://registry.npmjs.org/socket.io/-/socket.io-2.4.1.tgz"
  "version" "2.4.1"
  dependencies:
    "debug" "~4.1.0"
    "engine.io" "~3.5.0"
    "has-binary2" "~1.0.2"
    "socket.io-adapter" "~1.1.0"
    "socket.io-client" "2.4.0"
    "socket.io-parser" "~3.4.0"

"spdx-correct@^3.0.0":
  "integrity" "sha512-cOYcUWwhCuHCXi49RhFRCyJEK3iPj1Ziz9DpViV3tbZOwXD49QzIN3MpOLJNxh2qwq2lJJZaKMVw9qNi4jTC0w=="
  "resolved" "https://registry.npmjs.org/spdx-correct/-/spdx-correct-3.1.1.tgz"
  "version" "3.1.1"
  dependencies:
    "spdx-expression-parse" "^3.0.0"
    "spdx-license-ids" "^3.0.0"

"spdx-exceptions@^2.1.0":
  "integrity" "sha512-/tTrYOC7PPI1nUAgx34hUpqXuyJG+DTHJTnIULG4rDygi4xu/tfgmq1e1cIRwRzwZgo4NLySi+ricLkZkw4i5A=="
  "resolved" "https://registry.npmjs.org/spdx-exceptions/-/spdx-exceptions-2.3.0.tgz"
  "version" "2.3.0"

"spdx-expression-parse@^3.0.0":
  "integrity" "sha512-cbqHunsQWnJNE6KhVSMsMeH5H/L9EpymbzqTQ3uLwNCLZ1Q481oWaofqH7nO6V07xlXwY6PhQdQ2IedWx/ZK4Q=="
  "resolved" "https://registry.npmjs.org/spdx-expression-parse/-/spdx-expression-parse-3.0.1.tgz"
  "version" "3.0.1"
  dependencies:
    "spdx-exceptions" "^2.1.0"
    "spdx-license-ids" "^3.0.0"

"spdx-license-ids@^3.0.0":
  "integrity" "sha512-Ctl2BrFiM0X3MANYgj3CkygxhRmr9mi6xhejbdO960nF6EDJApTYpn0BQnDKlnNBULKiCN1n3w9EBkHK8ZWg+g=="
  "resolved" "https://registry.npmjs.org/spdx-license-ids/-/spdx-license-ids-3.0.11.tgz"
  "version" "3.0.11"

"string_decoder@~1.1.1":
  "integrity" "sha512-n/ShnvDi6FHbbVfviro+WojiFzv+s8MPMHBczVePfUpDJLwoLT0ht1l4YwBCbi8pJAveEEdnkHyPyTP/mzRfwg=="
  "resolved" "https://registry.npmjs.org/string_decoder/-/string_decoder-1.1.1.tgz"
  "version" "1.1.1"
  dependencies:
    "safe-buffer" "~5.1.0"

"strip-json-comments@~2.0.1":
  "integrity" "sha1-PFMZQukIwml8DsNEhYwobHygpgo="
  "resolved" "https://registry.npmjs.org/strip-json-comments/-/strip-json-comments-2.0.1.tgz"
  "version" "2.0.1"

"supports-preserve-symlinks-flag@^1.0.0":
  "integrity" "sha512-ot0WnXS9fgdkgIcePe6RHNk1WA8+muPa6cSjeR3V8K27q9BB1rTE3R1p7Hv0z1ZyAc8s6Vvv8DIyWf681MAt0w=="
  "resolved" "https://registry.npmjs.org/supports-preserve-symlinks-flag/-/supports-preserve-symlinks-flag-1.0.0.tgz"
  "version" "1.0.0"

"timed-out@^2.0.0":
  "integrity" "sha1-84sK6B03R9YoAB9B2vxlKs5nHAo="
  "resolved" "https://registry.npmjs.org/timed-out/-/timed-out-2.0.0.tgz"
  "version" "2.0.0"

"tmp@0.0.28":
  "integrity" "sha1-Fyc1t/YU6nrzlmT6hM8N5OUV0SA="
  "resolved" "https://registry.npmjs.org/tmp/-/tmp-0.0.28.tgz"
  "version" "0.0.28"
  dependencies:
    "os-tmpdir" "~1.0.1"

"to-array@0.1.4":
  "integrity" "sha1-F+bBH3PdTz10zaek/zI46a2b+JA="
  "resolved" "https://registry.npmjs.org/to-array/-/to-array-0.1.4.tgz"
  "version" "0.1.4"

"typpy@^2.0.0", "typpy@^2.1.0", "typpy@^2.2.0", "typpy@^2.3.4":
  "integrity" "sha512-vOxIcQz9sxHi+rT09SJ5aDgVgrPppQjwnnayTrMye1ODaU8gIZTDM19t9TxmEElbMihx2Nq/0/b/MtyKfayRqA=="
  "resolved" "https://registry.npmjs.org/typpy/-/typpy-2.3.13.tgz"
  "version" "2.3.13"
  dependencies:
    "function.name" "^1.0.3"

"ul@^5.0.0":
  "integrity" "sha512-svLEUy8xSCip5IWnsRa0UOg+2zP0Wsj4qlbjTmX6GJSmvKMHADBuHOm1dpNkWqWPIGuVSqzUkV3Cris5JrlTRQ=="
  "resolved" "https://registry.npmjs.org/ul/-/ul-5.2.15.tgz"
  "version" "5.2.15"
  dependencies:
    "deffy" "^2.2.2"
    "typpy" "^2.3.4"

"unzip-response@^1.0.0":
  "integrity" "sha1-uYTwh3/AqJwsdzzB73tbIytbBv4="
  "resolved" "https://registry.npmjs.org/unzip-response/-/unzip-response-1.0.2.tgz"
  "version" "1.0.2"

"url-parse-lax@^1.0.0":
  "integrity" "sha1-evjzA2Rem9eaJy56FKxovAYJ2nM="
  "resolved" "https://registry.npmjs.org/url-parse-lax/-/url-parse-lax-1.0.0.tgz"
  "version" "1.0.0"
  dependencies:
    "prepend-http" "^1.0.1"

"util-deprecate@~1.0.1":
  "integrity" "sha1-RQ1Nyfpw3nMnYvvS1KKJgUGaDM8="
  "resolved" "https://registry.npmjs.org/util-deprecate/-/util-deprecate-1.0.2.tgz"
  "version" "1.0.2"

"validate-npm-package-license@^3.0.1":
  "integrity" "sha512-DpKm2Ui/xN7/HQKCtpZxoRWBhZ9Z0kqtygG8XCgNQ8ZlDnxuQmWhj566j8fN4Cu3/JmbhsDo7fcAJq4s9h27Ew=="
  "resolved" "https://registry.npmjs.org/validate-npm-package-license/-/validate-npm-package-license-3.0.4.tgz"
  "version" "3.0.4"
  dependencies:
    "spdx-correct" "^3.0.0"
    "spdx-expression-parse" "^3.0.0"

"ws@~7.4.2":
  "integrity" "sha512-YmhHDO4MzaDLB+M9ym/mDA5z0naX8j7SIlT8f8z+I0VtzsRbekxEutHSme7NPS2qE8StCYQNUnfWdXta/Yu85A=="
  "resolved" "https://registry.npmjs.org/ws/-/ws-7.4.6.tgz"
  "version" "7.4.6"

"xmlhttprequest-ssl@~1.6.2":
  "integrity" "sha512-3XfeQE/wNkvrIktn2Kf0869fC0BN6UpydVasGIeSm2B1Llihf7/0UfZM+eCkOw3P7bP4+qPgqhm7ZoxuJtFU0Q=="
  "resolved" "https://registry.npmjs.org/xmlhttprequest-ssl/-/xmlhttprequest-ssl-1.6.3.tgz"
  "version" "1.6.3"

"yarn.lock@^0.0.1-security":
  "integrity" "sha512-ZRX6v5zGCJMI1T2aO+BQxJggy1vvorXEwonQhWXIC+brO7lkDB3zWelVNAti183ddH6FmJP8z4UDCJnJlioK4Q=="
  "resolved" "https://registry.npmjs.org/yarn.lock/-/yarn.lock-0.0.1-security.tgz"
  "version" "0.0.1-security"

"yarn@^1.22.17":
  "integrity" "sha512-H0p241BXaH0UN9IeH//RT82tl5PfNraVpSpEoW+ET7lmopNC61eZ+A+IDvU8FM6Go5vx162SncDL8J1ZjRBriQ=="
  "resolved" "https://registry.npmjs.org/yarn/-/yarn-1.22.17.tgz"
  "version" "1.22.17"

"yeast@0.1.2":
  "integrity" "sha1-AI4G2AlDIMNy28L47XagymyKxBk="
  "resolved" "https://registry.npmjs.org/yeast/-/yeast-0.1.2.tgz"
  "version" "0.1.2"
